
Microsoft Visual Studio Solution File, Format Version 12.00
# Visual Studio Version 17
VisualStudioVersion = 17.5.33530.505
MinimumVisualStudioVersion = 10.0.40219.1
Project("{FAE04EC0-301F-11D3-BF4B-00C04F79EFBC}") = "Microservices.CQRS.Example.with.MediatR.Library", "Microservices.CQRS.Example.with.MediatR.Library\Microservices.CQRS.Example.with.MediatR.Library.csproj", "{84DFCDB6-02AD-4D77-A78D-78A82DBBE23D}"
EndProject
Global
	GlobalSection(SolutionConfigurationPlatforms) = preSolution
		Debug|Any CPU = Debug|Any CPU
		Release|Any CPU = Release|Any CPU
	EndGlobalSection
	GlobalSection(ProjectConfigurationPlatforms) = postSolution
		{84DFCDB6-02AD-4D77-A78D-78A82DBBE23D}.Debug|Any CPU.ActiveCfg = Debug|Any CPU
		{84DFCDB6-02AD-4D77-A78D-78A82DBBE23D}.Debug|Any CPU.Build.0 = Debug|Any CPU
		{84DFCDB6-02AD-4D77-A78D-78A82DBBE23D}.Release|Any CPU.ActiveCfg = Release|Any CPU
		{84DFCDB6-02AD-4D77-A78D-78A82DBBE23D}.Release|Any CPU.Build.0 = Release|Any CPU
	EndGlobalSection
	GlobalSection(SolutionProperties) = preSolution
		HideSolutionNode = FALSE
	EndGlobalSection
	GlobalSection(ExtensibilityGlobals) = postSolution
		SolutionGuid = {9E461914-05C0-46E9-99BE-1654CED03A95}
	EndGlobalSection
EndGlobal
